
Microsoft Visual Studio Solution File, Format Version 12.00
# Visual Studio Version 17
VisualStudioVersion = 17.6.33815.320
MinimumVisualStudioVersion = 10.0.40219.1
Project("{FAE04EC0-301F-11D3-BF4B-00C04F79EFBC}") = "SandboxRPC", "SandboxRPC\SandboxRPC.csproj", "{ED6594E5-A91D-46D2-916E-1384F5F67E46}"
EndProject
Global
	GlobalSection(SolutionConfigurationPlatforms) = preSolution
		Debug|Any CPU = Debug|Any CPU
		Release|Any CPU = Release|Any CPU
	EndGlobalSection
	GlobalSection(ProjectConfigurationPlatforms) = postSolution
		{ED6594E5-A91D-46D2-916E-1384F5F67E46}.Debug|Any CPU.ActiveCfg = Debug|Any CPU
		{ED6594E5-A91D-46D2-916E-1384F5F67E46}.Debug|Any CPU.Build.0 = Debug|Any CPU
		{ED6594E5-A91D-46D2-916E-1384F5F67E46}.Release|Any CPU.ActiveCfg = Release|Any CPU
		{ED6594E5-A91D-46D2-916E-1384F5F67E46}.Release|Any CPU.Build.0 = Release|Any CPU
	EndGlobalSection
	GlobalSection(SolutionProperties) = preSolution
		HideSolutionNode = FALSE
	EndGlobalSection
	GlobalSection(ExtensibilityGlobals) = postSolution
		SolutionGuid = {3A96BB85-ADBE-4DA4-9E83-5F9D0393BA71}
	EndGlobalSection
EndGlobal
